PODS:
  - ReachabilitySwift (5.0.0)
  - SwiftLint (0.46.1)

DEPENDENCIES:
  - ReachabilitySwift
  - SwiftLint

SPEC REPOS:
  trunk:
    - ReachabilitySwift
    - SwiftLint

SPEC CHECKSUMS:
  ReachabilitySwift: 985039c6f7b23a1da463388634119492ff86c825
  SwiftLint: aaa29a9f649316095a9079595cb60906bd899353

PODFILE CHECKSUM: 1aab7bee76b69505c50fd5e6d819dace6ca6d90d

COCOAPODS: 1.11.2
