// !$*UTF8*$!
{
	archiveVersion = 1;
	classes = {
	};
	objectVersion = 55;
	objects = {

/* Begin PBXBuildFile section */
		51058965279ABAAF00B05895 /* BaseViewController.swift in Sources */ = {isa = PBXBuildFile; fileRef = 51058964279ABAAF00B05895 /* BaseViewController.swift */; };
		51058967279ABAB500B05895 /* BaseViewControllerInterface.swift in Sources */ = {isa = PBXBuildFile; fileRef = 51058966279ABAB500B05895 /* BaseViewControllerInterface.swift */; };
		51058969279ABD6C00B05895 /* UINavigationController+Extensions.swift in Sources */ = {isa = PBXBuildFile; fileRef = 51058968279ABD6C00B05895 /* UINavigationController+Extensions.swift */; };
		5105896B279AC43900B05895 /* UIColor+Extensions.swift in Sources */ = {isa = PBXBuildFile; fileRef = 5105896A279AC43900B05895 /* UIColor+Extensions.swift */; };
		5105896D279AC57600B05895 /* UIViewController+Extensions.swift in Sources */ = {isa = PBXBuildFile; fileRef = 5105896C279AC57600B05895 /* UIViewController+Extensions.swift */; };
		513AED41279FEB6E001576D3 /* UIImageView+Extensions.swift in Sources */ = {isa = PBXBuildFile; fileRef = 513AED40279FEB6E001576D3 /* UIImageView+Extensions.swift */; };
		514D543527A016C6001085E5 /* FontsConstants.swift in Sources */ = {isa = PBXBuildFile; fileRef = 514D543427A016C6001085E5 /* FontsConstants.swift */; };
		516AA87527A04B81008ADEEE /* FakeCharactersListInteractorOutput.swift in Sources */ = {isa = PBXBuildFile; fileRef = 516AA87427A04B81008ADEEE /* FakeCharactersListInteractorOutput.swift */; };
		516AA87727A04CF3008ADEEE /* CharactersListInteractorTest.swift in Sources */ = {isa = PBXBuildFile; fileRef = 516AA87627A04CF3008ADEEE /* CharactersListInteractorTest.swift */; };
		516AA87927A04D82008ADEEE /* NetworkAPIClientMock.swift in Sources */ = {isa = PBXBuildFile; fileRef = 516AA87827A04D82008ADEEE /* NetworkAPIClientMock.swift */; };
		516AA87D27A04E29008ADEEE /* CharactersList.json in Resources */ = {isa = PBXBuildFile; fileRef = 516AA87C27A04E29008ADEEE /* CharactersList.json */; };
		516F9F1927A013A800EEE039 /* ColorsConstants.swift in Sources */ = {isa = PBXBuildFile; fileRef = 516F9F1827A013A800EEE039 /* ColorsConstants.swift */; };
		5177A2D5279E88DC0009D6FA /* CharactersListRouter.swift in Sources */ = {isa = PBXBuildFile; fileRef = 5177A2D4279E88DC0009D6FA /* CharactersListRouter.swift */; };
		5177A2D8279E896E0009D6FA /* CharactersListConstants.swift in Sources */ = {isa = PBXBuildFile; fileRef = 5177A2D7279E896E0009D6FA /* CharactersListConstants.swift */; };
		5177A2DB279E8C840009D6FA /* CharactersListViewController.swift in Sources */ = {isa = PBXBuildFile; fileRef = 5177A2D9279E8C830009D6FA /* CharactersListViewController.swift */; };
		5177A2DC279E8C840009D6FA /* CharactersListViewController.xib in Resources */ = {isa = PBXBuildFile; fileRef = 5177A2DA279E8C830009D6FA /* CharactersListViewController.xib */; };
		5177A2DE279E92380009D6FA /* UINavigationItem+Extensions.swift in Sources */ = {isa = PBXBuildFile; fileRef = 5177A2DD279E92380009D6FA /* UINavigationItem+Extensions.swift */; };
		5177A2E1279E9CAB0009D6FA /* CharactersListDataSource.swift in Sources */ = {isa = PBXBuildFile; fileRef = 5177A2E0279E9CAB0009D6FA /* CharactersListDataSource.swift */; };
		5177A2E5279E9F170009D6FA /* CharactersListTableViewCell.swift in Sources */ = {isa = PBXBuildFile; fileRef = 5177A2E3279E9F170009D6FA /* CharactersListTableViewCell.swift */; };
		5177A2E6279E9F170009D6FA /* CharactersListTableViewCell.xib in Resources */ = {isa = PBXBuildFile; fileRef = 5177A2E4279E9F170009D6FA /* CharactersListTableViewCell.xib */; };
		5177A2EB279EA6890009D6FA /* LoaderViewController.swift in Sources */ = {isa = PBXBuildFile; fileRef = 5177A2E9279EA6890009D6FA /* LoaderViewController.swift */; };
		5177A2EC279EA6890009D6FA /* LoaderViewController.xib in Resources */ = {isa = PBXBuildFile; fileRef = 5177A2EA279EA6890009D6FA /* LoaderViewController.xib */; };
		5177A2EF279EAEB20009D6FA /* CharactersManagementService.swift in Sources */ = {isa = PBXBuildFile; fileRef = 5177A2EE279EAEB20009D6FA /* CharactersManagementService.swift */; };
		5177A2F1279EAF4A0009D6FA /* NetworkManagerProtocol.swift in Sources */ = {isa = PBXBuildFile; fileRef = 5177A2F0279EAF490009D6FA /* NetworkManagerProtocol.swift */; };
		5177A2F4279EB13B0009D6FA /* APIErrorType.swift in Sources */ = {isa = PBXBuildFile; fileRef = 5177A2F3279EB13B0009D6FA /* APIErrorType.swift */; };
		5177A2FC279EBA550009D6FA /* NetworkAPIClient.swift in Sources */ = {isa = PBXBuildFile; fileRef = 5177A2FB279EBA550009D6FA /* NetworkAPIClient.swift */; };
		5177A2FE279EC2B80009D6FA /* NetworkManagerBuilder.swift in Sources */ = {isa = PBXBuildFile; fileRef = 5177A2FD279EC2B80009D6FA /* NetworkManagerBuilder.swift */; };
		5177A302279ECA6B0009D6FA /* String+Extension.swift in Sources */ = {isa = PBXBuildFile; fileRef = 5177A301279ECA6B0009D6FA /* String+Extension.swift */; };
		5177A309279F15C10009D6FA /* CharacterDetailViewModel.swift in Sources */ = {isa = PBXBuildFile; fileRef = 5177A308279F15C10009D6FA /* CharacterDetailViewModel.swift */; };
		5177A30B279F16650009D6FA /* CharacterDetailInterfaces.swift in Sources */ = {isa = PBXBuildFile; fileRef = 5177A30A279F16650009D6FA /* CharacterDetailInterfaces.swift */; };
		5177A30D279F17990009D6FA /* CharacterDetailInteractor.swift in Sources */ = {isa = PBXBuildFile; fileRef = 5177A30C279F17990009D6FA /* CharacterDetailInteractor.swift */; };
		5177A30F279F18B10009D6FA /* CharacterDetailPresenter.swift in Sources */ = {isa = PBXBuildFile; fileRef = 5177A30E279F18B10009D6FA /* CharacterDetailPresenter.swift */; };
		5177A311279F1A170009D6FA /* CharacterDetailRouter.swift in Sources */ = {isa = PBXBuildFile; fileRef = 5177A310279F1A170009D6FA /* CharacterDetailRouter.swift */; };
		5177A314279F1B750009D6FA /* CharacterDetailViewController.swift in Sources */ = {isa = PBXBuildFile; fileRef = 5177A312279F1B750009D6FA /* CharacterDetailViewController.swift */; };
		5177A315279F1B750009D6FA /* CharacterDetailViewController.xib in Resources */ = {isa = PBXBuildFile; fileRef = 5177A313279F1B750009D6FA /* CharacterDetailViewController.xib */; };
		517D3BAB2799AA1A0054E0B8 /* AppDefines.swift in Sources */ = {isa = PBXBuildFile; fileRef = 517D3BAA2799AA1A0054E0B8 /* AppDefines.swift */; };
		517D3BB02799ADE00054E0B8 /* RouterInterface.swift in Sources */ = {isa = PBXBuildFile; fileRef = 517D3BAF2799ADE00054E0B8 /* RouterInterface.swift */; };
		517D3BB32799ADF70054E0B8 /* ViewInterface.swift in Sources */ = {isa = PBXBuildFile; fileRef = 517D3BB22799ADF70054E0B8 /* ViewInterface.swift */; };
		517D3BB52799AE030054E0B8 /* PresenterInterface.swift in Sources */ = {isa = PBXBuildFile; fileRef = 517D3BB42799AE020054E0B8 /* PresenterInterface.swift */; };
		517D3BB72799AE0F0054E0B8 /* InteractorInterface.swift in Sources */ = {isa = PBXBuildFile; fileRef = 517D3BB62799AE0F0054E0B8 /* InteractorInterface.swift */; };
		517D3BBE2799B8790054E0B8 /* GeneralErrorView.swift in Sources */ = {isa = PBXBuildFile; fileRef = 517D3BBC2799B8790054E0B8 /* GeneralErrorView.swift */; };
		517D3BBF2799B8790054E0B8 /* GeneralErrorView.xib in Resources */ = {isa = PBXBuildFile; fileRef = 517D3BBD2799B8790054E0B8 /* GeneralErrorView.xib */; };
		517D3BC32799BF2A0054E0B8 /* LocalizableProtocol.swift in Sources */ = {isa = PBXBuildFile; fileRef = 517D3BC22799BF2A0054E0B8 /* LocalizableProtocol.swift */; };
		517D3BC62799BF9C0054E0B8 /* String+Localizable.swift in Sources */ = {isa = PBXBuildFile; fileRef = 517D3BC52799BF9C0054E0B8 /* String+Localizable.swift */; };
		51A07F4F27997B820015EAFB /* AppDelegate.swift in Sources */ = {isa = PBXBuildFile; fileRef = 51A07F4E27997B820015EAFB /* AppDelegate.swift */; };
		51A07F5127997B820015EAFB /* SceneDelegate.swift in Sources */ = {isa = PBXBuildFile; fileRef = 51A07F5027997B820015EAFB /* SceneDelegate.swift */; };
		51A07F5827997B850015EAFB /* Assets.xcassets in Resources */ = {isa = PBXBuildFile; fileRef = 51A07F5727997B850015EAFB /* Assets.xcassets */; };
		51A07F5B27997B850015EAFB /* LaunchScreen.storyboard in Resources */ = {isa = PBXBuildFile; fileRef = 51A07F5927997B850015EAFB /* LaunchScreen.storyboard */; };
		51A07F7027997B860015EAFB /* OpenBankTechnicalProofUITests.swift in Sources */ = {isa = PBXBuildFile; fileRef = 51A07F6F27997B860015EAFB /* OpenBankTechnicalProofUITests.swift */; };
		51A07F7227997B860015EAFB /* OpenBankTechnicalProofUITestsLaunchTests.swift in Sources */ = {isa = PBXBuildFile; fileRef = 51A07F7127997B860015EAFB /* OpenBankTechnicalProofUITestsLaunchTests.swift */; };
		51A891A527A2946C003CFE2E /* CharacterDetailInteractorTest.swift in Sources */ = {isa = PBXBuildFile; fileRef = 51A891A427A2946C003CFE2E /* CharacterDetailInteractorTest.swift */; };
		51A891A727A2947C003CFE2E /* FakeCharacterDetailInteractorOutput.swift in Sources */ = {isa = PBXBuildFile; fileRef = 51A891A627A2947C003CFE2E /* FakeCharacterDetailInteractorOutput.swift */; };
		51A891A927A29545003CFE2E /* CharacterDetail.json in Resources */ = {isa = PBXBuildFile; fileRef = 51A891A827A29544003CFE2E /* CharacterDetail.json */; };
		51A891AC27A29778003CFE2E /* CharactersManagementServiceTest.swift in Sources */ = {isa = PBXBuildFile; fileRef = 51A891AB27A29778003CFE2E /* CharactersManagementServiceTest.swift */; };
		51C1E7C6279AD13600A50FB7 /* NoInternetController.xib in Resources */ = {isa = PBXBuildFile; fileRef = 51C1E7C4279AD13600A50FB7 /* NoInternetController.xib */; };
		51C1E7C7279AD13600A50FB7 /* NoInternetController.swift in Sources */ = {isa = PBXBuildFile; fileRef = 51C1E7C5279AD13600A50FB7 /* NoInternetController.swift */; };
		51C1E7CB279AD40600A50FB7 /* CharactersListItemViewModel.swift in Sources */ = {isa = PBXBuildFile; fileRef = 51C1E7CA279AD40600A50FB7 /* CharactersListItemViewModel.swift */; };
		51C1E7CF279ADBB700A50FB7 /* CharactersDomainModelResponse.swift in Sources */ = {isa = PBXBuildFile; fileRef = 51C1E7CE279ADBB700A50FB7 /* CharactersDomainModelResponse.swift */; };
		51C1E7D1279ADF4600A50FB7 /* NetworkParser.swift in Sources */ = {isa = PBXBuildFile; fileRef = 51C1E7D0279ADF4600A50FB7 /* NetworkParser.swift */; };
		51C1E7D3279AEE0D00A50FB7 /* CharactersListInterfaces.swift in Sources */ = {isa = PBXBuildFile; fileRef = 51C1E7D2279AEE0D00A50FB7 /* CharactersListInterfaces.swift */; };
		51C1E7D5279AF0E700A50FB7 /* CharactersListInteractor.swift in Sources */ = {isa = PBXBuildFile; fileRef = 51C1E7D4279AF0E700A50FB7 /* CharactersListInteractor.swift */; };
		51C1E7D7279AF2B700A50FB7 /* CharactersListPresenter.swift in Sources */ = {isa = PBXBuildFile; fileRef = 51C1E7D6279AF2B700A50FB7 /* CharactersListPresenter.swift */; };
		51E5526827A0045500539E22 /* Localizable.strings in Resources */ = {isa = PBXBuildFile; fileRef = 51E5526A27A0045500539E22 /* Localizable.strings */; };
		60C9FDD40550901C797C4013 /* Pods_OpenBankTechnicalProofTests.framework in Frameworks */ = {isa = PBXBuildFile; fileRef = 3F6C46EDC620885800D72BDD /* Pods_OpenBankTechnicalProofTests.framework */; };
		7B0EC61B60723C78100A619E /* Pods_OpenBankTechnicalProof.framework in Frameworks */ = {isa = PBXBuildFile; fileRef = E514DC5E8903137A4799127A /* Pods_OpenBankTechnicalProof.framework */; };
		AD7D266797A488B64C39B266 /* Pods_OpenBankTechnicalProof_OpenBankTechnicalProofUITests.framework in Frameworks */ = {isa = PBXBuildFile; fileRef = 7CBDF850D869CEF1D86D4E0E /* Pods_OpenBankTechnicalProof_OpenBankTechnicalProofUITests.framework */; };
/* End PBXBuildFile section */

/* Begin PBXContainerItemProxy section */
		51A07F6227997B860015EAFB /* PBXContainerItemProxy */ = {
			isa = PBXContainerItemProxy;
			containerPortal = 51A07F4327997B820015EAFB /* Project object */;
			proxyType = 1;
			remoteGlobalIDString = 51A07F4A27997B820015EAFB;
			remoteInfo = OpenBankTechnicalProof;
		};
		51A07F6C27997B860015EAFB /* PBXContainerItemProxy */ = {
			isa = PBXContainerItemProxy;
			containerPortal = 51A07F4327997B820015EAFB /* Project object */;
			proxyType = 1;
			remoteGlobalIDString = 51A07F4A27997B820015EAFB;
			remoteInfo = OpenBankTechnicalProof;
		};
/* End PBXContainerItemProxy section */

/* Begin PBXFileReference section */
		393CAA421B4F945BBF268137 /* Pods-OpenBankTechnicalProof-OpenBankTechnicalProofUITests.release.xcconfig */ = {isa = PBXFileReference; includeInIndex = 1; lastKnownFileType = text.xcconfig; name = "Pods-OpenBankTechnicalProof-OpenBankTechnicalProofUITests.release.xcconfig"; path = "Target Support Files/Pods-OpenBankTechnicalProof-OpenBankTechnicalProofUITests/Pods-OpenBankTechnicalProof-OpenBankTechnicalProofUITests.release.xcconfig"; sourceTree = "<group>"; };
		3BFBF6B5FEC87B4F12A802F3 /* Pods-OpenBankTechnicalProof.release.xcconfig */ = {isa = PBXFileReference; includeInIndex = 1; lastKnownFileType = text.xcconfig; name = "Pods-OpenBankTechnicalProof.release.xcconfig"; path = "Target Support Files/Pods-OpenBankTechnicalProof/Pods-OpenBankTechnicalProof.release.xcconfig"; sourceTree = "<group>"; };
		3F6C46EDC620885800D72BDD /* Pods_OpenBankTechnicalProofTests.framework */ = {isa = PBXFileReference; explicitFileType = wrapper.framework; includeInIndex = 0; path = Pods_OpenBankTechnicalProofTests.framework; sourceTree = BUILT_PRODUCTS_DIR; };
		51058964279ABAAF00B05895 /* BaseViewController.swift */ = {isa = PBXFileReference; lastKnownFileType = sourcecode.swift; path = BaseViewController.swift; sourceTree = "<group>"; };
		51058966279ABAB500B05895 /* BaseViewControllerInterface.swift */ = {isa = PBXFileReference; lastKnownFileType = sourcecode.swift; path = BaseViewControllerInterface.swift; sourceTree = "<group>"; };
		51058968279ABD6C00B05895 /* UINavigationController+Extensions.swift */ = {isa = PBXFileReference; lastKnownFileType = sourcecode.swift; path = "UINavigationController+Extensions.swift"; sourceTree = "<group>"; };
		5105896A279AC43900B05895 /* UIColor+Extensions.swift */ = {isa = PBXFileReference; lastKnownFileType = sourcecode.swift; path = "UIColor+Extensions.swift"; sourceTree = "<group>"; };
		5105896C279AC57600B05895 /* UIViewController+Extensions.swift */ = {isa = PBXFileReference; lastKnownFileType = sourcecode.swift; path = "UIViewController+Extensions.swift"; sourceTree = "<group>"; };
		513AED40279FEB6E001576D3 /* UIImageView+Extensions.swift */ = {isa = PBXFileReference; lastKnownFileType = sourcecode.swift; path = "UIImageView+Extensions.swift"; sourceTree = "<group>"; };
		514D543427A016C6001085E5 /* FontsConstants.swift */ = {isa = PBXFileReference; lastKnownFileType = sourcecode.swift; path = FontsConstants.swift; sourceTree = "<group>"; };
		516AA87427A04B81008ADEEE /* FakeCharactersListInteractorOutput.swift */ = {isa = PBXFileReference; lastKnownFileType = sourcecode.swift; path = FakeCharactersListInteractorOutput.swift; sourceTree = "<group>"; };
		516AA87627A04CF3008ADEEE /* CharactersListInteractorTest.swift */ = {isa = PBXFileReference; lastKnownFileType = sourcecode.swift; path = CharactersListInteractorTest.swift; sourceTree = "<group>"; };
		516AA87827A04D82008ADEEE /* NetworkAPIClientMock.swift */ = {isa = PBXFileReference; lastKnownFileType = sourcecode.swift; path = NetworkAPIClientMock.swift; sourceTree = "<group>"; };
		516AA87C27A04E29008ADEEE /* CharactersList.json */ = {isa = PBXFileReference; lastKnownFileType = text.json; path = CharactersList.json; sourceTree = "<group>"; };
		516F9F1827A013A800EEE039 /* ColorsConstants.swift */ = {isa = PBXFileReference; lastKnownFileType = sourcecode.swift; path = ColorsConstants.swift; sourceTree = "<group>"; };
		5177A2D4279E88DC0009D6FA /* CharactersListRouter.swift */ = {isa = PBXFileReference; lastKnownFileType = sourcecode.swift; path = CharactersListRouter.swift; sourceTree = "<group>"; };
		5177A2D7279E896E0009D6FA /* CharactersListConstants.swift */ = {isa = PBXFileReference; lastKnownFileType = sourcecode.swift; path = CharactersListConstants.swift; sourceTree = "<group>"; };
		5177A2D9279E8C830009D6FA /* CharactersListViewController.swift */ = {isa = PBXFileReference; lastKnownFileType = sourcecode.swift; path = CharactersListViewController.swift; sourceTree = "<group>"; };
		5177A2DA279E8C830009D6FA /* CharactersListViewController.xib */ = {isa = PBXFileReference; lastKnownFileType = file.xib; path = CharactersListViewController.xib; sourceTree = "<group>"; };
		5177A2DD279E92380009D6FA /* UINavigationItem+Extensions.swift */ = {isa = PBXFileReference; lastKnownFileType = sourcecode.swift; path = "UINavigationItem+Extensions.swift"; sourceTree = "<group>"; };
		5177A2E0279E9CAB0009D6FA /* CharactersListDataSource.swift */ = {isa = PBXFileReference; lastKnownFileType = sourcecode.swift; path = CharactersListDataSource.swift; sourceTree = "<group>"; };
		5177A2E3279E9F170009D6FA /* CharactersListTableViewCell.swift */ = {isa = PBXFileReference; lastKnownFileType = sourcecode.swift; path = CharactersListTableViewCell.swift; sourceTree = "<group>"; };
		5177A2E4279E9F170009D6FA /* CharactersListTableViewCell.xib */ = {isa = PBXFileReference; lastKnownFileType = file.xib; path = CharactersListTableViewCell.xib; sourceTree = "<group>"; };
		5177A2E9279EA6890009D6FA /* LoaderViewController.swift */ = {isa = PBXFileReference; lastKnownFileType = sourcecode.swift; path = LoaderViewController.swift; sourceTree = "<group>"; };
		5177A2EA279EA6890009D6FA /* LoaderViewController.xib */ = {isa = PBXFileReference; lastKnownFileType = file.xib; path = LoaderViewController.xib; sourceTree = "<group>"; };
		5177A2EE279EAEB20009D6FA /* CharactersManagementService.swift */ = {isa = PBXFileReference; lastKnownFileType = sourcecode.swift; path = CharactersManagementService.swift; sourceTree = "<group>"; };
		5177A2F0279EAF490009D6FA /* NetworkManagerProtocol.swift */ = {isa = PBXFileReference; lastKnownFileType = sourcecode.swift; path = NetworkManagerProtocol.swift; sourceTree = "<group>"; };
		5177A2F3279EB13B0009D6FA /* APIErrorType.swift */ = {isa = PBXFileReference; lastKnownFileType = sourcecode.swift; path = APIErrorType.swift; sourceTree = "<group>"; };
		5177A2FB279EBA550009D6FA /* NetworkAPIClient.swift */ = {isa = PBXFileReference; lastKnownFileType = sourcecode.swift; path = NetworkAPIClient.swift; sourceTree = "<group>"; };
		5177A2FD279EC2B80009D6FA /* NetworkManagerBuilder.swift */ = {isa = PBXFileReference; lastKnownFileType = sourcecode.swift; path = NetworkManagerBuilder.swift; sourceTree = "<group>"; };
		5177A301279ECA6B0009D6FA /* String+Extension.swift */ = {isa = PBXFileReference; lastKnownFileType = sourcecode.swift; path = "String+Extension.swift"; sourceTree = "<group>"; };
		5177A308279F15C10009D6FA /* CharacterDetailViewModel.swift */ = {isa = PBXFileReference; lastKnownFileType = sourcecode.swift; path = CharacterDetailViewModel.swift; sourceTree = "<group>"; };
		5177A30A279F16650009D6FA /* CharacterDetailInterfaces.swift */ = {isa = PBXFileReference; lastKnownFileType = sourcecode.swift; path = CharacterDetailInterfaces.swift; sourceTree = "<group>"; };
		5177A30C279F17990009D6FA /* CharacterDetailInteractor.swift */ = {isa = PBXFileReference; lastKnownFileType = sourcecode.swift; path = CharacterDetailInteractor.swift; sourceTree = "<group>"; };
		5177A30E279F18B10009D6FA /* CharacterDetailPresenter.swift */ = {isa = PBXFileReference; lastKnownFileType = sourcecode.swift; path = CharacterDetailPresenter.swift; sourceTree = "<group>"; };
		5177A310279F1A170009D6FA /* CharacterDetailRouter.swift */ = {isa = PBXFileReference; lastKnownFileType = sourcecode.swift; path = CharacterDetailRouter.swift; sourceTree = "<group>"; };
		5177A312279F1B750009D6FA /* CharacterDetailViewController.swift */ = {isa = PBXFileReference; lastKnownFileType = sourcecode.swift; path = CharacterDetailViewController.swift; sourceTree = "<group>"; };
		5177A313279F1B750009D6FA /* CharacterDetailViewController.xib */ = {isa = PBXFileReference; lastKnownFileType = file.xib; path = CharacterDetailViewController.xib; sourceTree = "<group>"; };
		517D3BAA2799AA1A0054E0B8 /* AppDefines.swift */ = {isa = PBXFileReference; lastKnownFileType = sourcecode.swift; path = AppDefines.swift; sourceTree = "<group>"; };
		517D3BAF2799ADE00054E0B8 /* RouterInterface.swift */ = {isa = PBXFileReference; lastKnownFileType = sourcecode.swift; path = RouterInterface.swift; sourceTree = "<group>"; };
		517D3BB22799ADF70054E0B8 /* ViewInterface.swift */ = {isa = PBXFileReference; lastKnownFileType = sourcecode.swift; path = ViewInterface.swift; sourceTree = "<group>"; };
		517D3BB42799AE020054E0B8 /* PresenterInterface.swift */ = {isa = PBXFileReference; lastKnownFileType = sourcecode.swift; path = PresenterInterface.swift; sourceTree = "<group>"; };
		517D3BB62799AE0F0054E0B8 /* InteractorInterface.swift */ = {isa = PBXFileReference; lastKnownFileType = sourcecode.swift; path = InteractorInterface.swift; sourceTree = "<group>"; };
		517D3BBC2799B8790054E0B8 /* GeneralErrorView.swift */ = {isa = PBXFileReference; lastKnownFileType = sourcecode.swift; path = GeneralErrorView.swift; sourceTree = "<group>"; };
		517D3BBD2799B8790054E0B8 /* GeneralErrorView.xib */ = {isa = PBXFileReference; lastKnownFileType = file.xib; path = GeneralErrorView.xib; sourceTree = "<group>"; };
		517D3BC22799BF2A0054E0B8 /* LocalizableProtocol.swift */ = {isa = PBXFileReference; lastKnownFileType = sourcecode.swift; path = LocalizableProtocol.swift; sourceTree = "<group>"; };
		517D3BC52799BF9C0054E0B8 /* String+Localizable.swift */ = {isa = PBXFileReference; lastKnownFileType = sourcecode.swift; path = "String+Localizable.swift"; sourceTree = "<group>"; };
		51A07F4B27997B820015EAFB /* OpenBankTechnicalProof.app */ = {isa = PBXFileReference; explicitFileType = wrapper.application; includeInIndex = 0; path = OpenBankTechnicalProof.app; sourceTree = BUILT_PRODUCTS_DIR; };
		51A07F4E27997B820015EAFB /* AppDelegate.swift */ = {isa = PBXFileReference; lastKnownFileType = sourcecode.swift; path = AppDelegate.swift; sourceTree = "<group>"; };
		51A07F5027997B820015EAFB /* SceneDelegate.swift */ = {isa = PBXFileReference; lastKnownFileType = sourcecode.swift; path = SceneDelegate.swift; sourceTree = "<group>"; };
		51A07F5727997B850015EAFB /* Assets.xcassets */ = {isa = PBXFileReference; lastKnownFileType = folder.assetcatalog; path = Assets.xcassets; sourceTree = "<group>"; };
		51A07F5A27997B850015EAFB /* Base */ = {isa = PBXFileReference; lastKnownFileType = file.storyboard; name = Base; path = Base.lproj/LaunchScreen.storyboard; sourceTree = "<group>"; };
		51A07F5C27997B850015EAFB /* Info.plist */ = {isa = PBXFileReference; lastKnownFileType = text.plist.xml; path = Info.plist; sourceTree = "<group>"; };
		51A07F6127997B860015EAFB /* OpenBankTechnicalProofTests.xctest */ = {isa = PBXFileReference; explicitFileType = wrapper.cfbundle; includeInIndex = 0; path = OpenBankTechnicalProofTests.xctest; sourceTree = BUILT_PRODUCTS_DIR; };
		51A07F6B27997B860015EAFB /* OpenBankTechnicalProofUITests.xctest */ = {isa = PBXFileReference; explicitFileType = wrapper.cfbundle; includeInIndex = 0; path = OpenBankTechnicalProofUITests.xctest; sourceTree = BUILT_PRODUCTS_DIR; };
		51A07F6F27997B860015EAFB /* OpenBankTechnicalProofUITests.swift */ = {isa = PBXFileReference; lastKnownFileType = sourcecode.swift; path = OpenBankTechnicalProofUITests.swift; sourceTree = "<group>"; };
		51A07F7127997B860015EAFB /* OpenBankTechnicalProofUITestsLaunchTests.swift */ = {isa = PBXFileReference; lastKnownFileType = sourcecode.swift; path = OpenBankTechnicalProofUITestsLaunchTests.swift; sourceTree = "<group>"; };
		51A891A427A2946C003CFE2E /* CharacterDetailInteractorTest.swift */ = {isa = PBXFileReference; lastKnownFileType = sourcecode.swift; path = CharacterDetailInteractorTest.swift; sourceTree = "<group>"; };
		51A891A627A2947C003CFE2E /* FakeCharacterDetailInteractorOutput.swift */ = {isa = PBXFileReference; lastKnownFileType = sourcecode.swift; path = FakeCharacterDetailInteractorOutput.swift; sourceTree = "<group>"; };
		51A891A827A29544003CFE2E /* CharacterDetail.json */ = {isa = PBXFileReference; lastKnownFileType = text.json; path = CharacterDetail.json; sourceTree = "<group>"; };
		51A891AB27A29778003CFE2E /* CharactersManagementServiceTest.swift */ = {isa = PBXFileReference; lastKnownFileType = sourcecode.swift; path = CharactersManagementServiceTest.swift; sourceTree = "<group>"; };
		51C1E7C4279AD13600A50FB7 /* NoInternetController.xib */ = {isa = PBXFileReference; fileEncoding = 4; lastKnownFileType = file.xib; path = NoInternetController.xib; sourceTree = "<group>"; };
		51C1E7C5279AD13600A50FB7 /* NoInternetController.swift */ = {isa = PBXFileReference; fileEncoding = 4; lastKnownFileType = sourcecode.swift; path = NoInternetController.swift; sourceTree = "<group>"; };
		51C1E7CA279AD40600A50FB7 /* CharactersListItemViewModel.swift */ = {isa = PBXFileReference; lastKnownFileType = sourcecode.swift; path = CharactersListItemViewModel.swift; sourceTree = "<group>"; };
		51C1E7CE279ADBB700A50FB7 /* CharactersDomainModelResponse.swift */ = {isa = PBXFileReference; lastKnownFileType = sourcecode.swift; path = CharactersDomainModelResponse.swift; sourceTree = "<group>"; };
		51C1E7D0279ADF4600A50FB7 /* NetworkParser.swift */ = {isa = PBXFileReference; lastKnownFileType = sourcecode.swift; path = NetworkParser.swift; sourceTree = "<group>"; };
		51C1E7D2279AEE0D00A50FB7 /* CharactersListInterfaces.swift */ = {isa = PBXFileReference; lastKnownFileType = sourcecode.swift; path = CharactersListInterfaces.swift; sourceTree = "<group>"; };
		51C1E7D4279AF0E700A50FB7 /* CharactersListInteractor.swift */ = {isa = PBXFileReference; lastKnownFileType = sourcecode.swift; path = CharactersListInteractor.swift; sourceTree = "<group>"; };
		51C1E7D6279AF2B700A50FB7 /* CharactersListPresenter.swift */ = {isa = PBXFileReference; lastKnownFileType = sourcecode.swift; path = CharactersListPresenter.swift; sourceTree = "<group>"; };
		51E5526927A0045500539E22 /* en */ = {isa = PBXFileReference; lastKnownFileType = text.plist.strings; name = en; path = en.lproj/Localizable.strings; sourceTree = "<group>"; };
		51E5526B27A0046400539E22 /* es */ = {isa = PBXFileReference; lastKnownFileType = text.plist.strings; name = es; path = es.lproj/Localizable.strings; sourceTree = "<group>"; };
		717E6FBF329B49F7264CA50D /* Pods-OpenBankTechnicalProof-OpenBankTechnicalProofUITests.debug.xcconfig */ = {isa = PBXFileReference; includeInIndex = 1; lastKnownFileType = text.xcconfig; name = "Pods-OpenBankTechnicalProof-OpenBankTechnicalProofUITests.debug.xcconfig"; path = "Target Support Files/Pods-OpenBankTechnicalProof-OpenBankTechnicalProofUITests/Pods-OpenBankTechnicalProof-OpenBankTechnicalProofUITests.debug.xcconfig"; sourceTree = "<group>"; };
		7CBDF850D869CEF1D86D4E0E /* Pods_OpenBankTechnicalProof_OpenBankTechnicalProofUITests.framework */ = {isa = PBXFileReference; explicitFileType = wrapper.framework; includeInIndex = 0; path = Pods_OpenBankTechnicalProof_OpenBankTechnicalProofUITests.framework; sourceTree = BUILT_PRODUCTS_DIR; };
		E514DC5E8903137A4799127A /* Pods_OpenBankTechnicalProof.framework */ = {isa = PBXFileReference; explicitFileType = wrapper.framework; includeInIndex = 0; path = Pods_OpenBankTechnicalProof.framework; sourceTree = BUILT_PRODUCTS_DIR; };
		EBB045FECEBD6E3B5D68461B /* Pods-OpenBankTechnicalProofTests.debug.xcconfig */ = {isa = PBXFileReference; includeInIndex = 1; lastKnownFileType = text.xcconfig; name = "Pods-OpenBankTechnicalProofTests.debug.xcconfig"; path = "Target Support Files/Pods-OpenBankTechnicalProofTests/Pods-OpenBankTechnicalProofTests.debug.xcconfig"; sourceTree = "<group>"; };
		F70F3D654A78E1ABDB516C8D /* Pods-OpenBankTechnicalProofTests.release.xcconfig */ = {isa = PBXFileReference; includeInIndex = 1; lastKnownFileType = text.xcconfig; name = "Pods-OpenBankTechnicalProofTests.release.xcconfig"; path = "Target Support Files/Pods-OpenBankTechnicalProofTests/Pods-OpenBankTechnicalProofTests.release.xcconfig"; sourceTree = "<group>"; };
		FFADD3980A5806169D8073AD /* Pods-OpenBankTechnicalProof.debug.xcconfig */ = {isa = PBXFileReference; includeInIndex = 1; lastKnownFileType = text.xcconfig; name = "Pods-OpenBankTechnicalProof.debug.xcconfig"; path = "Target Support Files/Pods-OpenBankTechnicalProof/Pods-OpenBankTechnicalProof.debug.xcconfig"; sourceTree = "<group>"; };
/* End PBXFileReference section */

/* Begin PBXFrameworksBuildPhase section */
		51A07F4827997B820015EAFB /* Frameworks */ = {
			isa = PBXFrameworksBuildPhase;
			buildActionMask = 2147483647;
			files = (
				7B0EC61B60723C78100A619E /* Pods_OpenBankTechnicalProof.framework in Frameworks */,
			);
			runOnlyForDeploymentPostprocessing = 0;
		};
		51A07F5E27997B860015EAFB /* Frameworks */ = {
			isa = PBXFrameworksBuildPhase;
			buildActionMask = 2147483647;
			files = (
				60C9FDD40550901C797C4013 /* Pods_OpenBankTechnicalProofTests.framework in Frameworks */,
			);
			runOnlyForDeploymentPostprocessing = 0;
		};
		51A07F6827997B860015EAFB /* Frameworks */ = {
			isa = PBXFrameworksBuildPhase;
			buildActionMask = 2147483647;
			files = (
				AD7D266797A488B64C39B266 /* Pods_OpenBankTechnicalProof_OpenBankTechnicalProofUITests.framework in Frameworks */,
			);
			runOnlyForDeploymentPostprocessing = 0;
		};
/* End PBXFrameworksBuildPhase section */

/* Begin PBXGroup section */
		265EE1C2EBB493A76ED3322D /* Frameworks */ = {
			isa = PBXGroup;
			children = (
				E514DC5E8903137A4799127A /* Pods_OpenBankTechnicalProof.framework */,
				7CBDF850D869CEF1D86D4E0E /* Pods_OpenBankTechnicalProof_OpenBankTechnicalProofUITests.framework */,
				3F6C46EDC620885800D72BDD /* Pods_OpenBankTechnicalProofTests.framework */,
			);
			name = Frameworks;
			sourceTree = "<group>";
		};
		51058963279ABA8B00B05895 /* Common */ = {
			isa = PBXGroup;
			children = (
				51058964279ABAAF00B05895 /* BaseViewController.swift */,
				51058966279ABAB500B05895 /* BaseViewControllerInterface.swift */,
			);
			path = Common;
			sourceTree = "<group>";
		};
		5105896E279AC5D700B05895 /* NoInternetController */ = {
			isa = PBXGroup;
			children = (
				51C1E7C5279AD13600A50FB7 /* NoInternetController.swift */,
				51C1E7C4279AD13600A50FB7 /* NoInternetController.xib */,
			);
			path = NoInternetController;
			sourceTree = "<group>";
		};
		516AA87227A04A8E008ADEEE /* InteractorTests */ = {
			isa = PBXGroup;
			children = (
				516AA87327A04A9E008ADEEE /* FakeInteractorsOutput */,
				516AA87627A04CF3008ADEEE /* CharactersListInteractorTest.swift */,
				51A891A427A2946C003CFE2E /* CharacterDetailInteractorTest.swift */,
			);
			path = InteractorTests;
			sourceTree = "<group>";
		};
		516AA87327A04A9E008ADEEE /* FakeInteractorsOutput */ = {
			isa = PBXGroup;
			children = (
				516AA87427A04B81008ADEEE /* FakeCharactersListInteractorOutput.swift */,
				51A891A627A2947C003CFE2E /* FakeCharacterDetailInteractorOutput.swift */,
			);
			path = FakeInteractorsOutput;
			sourceTree = "<group>";
		};
		516AA87A27A04DDB008ADEEE /* Localized */ = {
			isa = PBXGroup;
			children = (
				51E5526A27A0045500539E22 /* Localizable.strings */,
			);
			path = Localized;
			sourceTree = "<group>";
		};
		516AA87B27A04DE6008ADEEE /* JSON */ = {
			isa = PBXGroup;
			children = (
				516AA87C27A04E29008ADEEE /* CharactersList.json */,
				51A891A827A29544003CFE2E /* CharacterDetail.json */,
			);
			path = JSON;
			sourceTree = "<group>";
		};
		5177A2D6279E89520009D6FA /* Constants */ = {
			isa = PBXGroup;
			children = (
				5177A2D7279E896E0009D6FA /* CharactersListConstants.swift */,
				516F9F1827A013A800EEE039 /* ColorsConstants.swift */,
				514D543427A016C6001085E5 /* FontsConstants.swift */,
			);
			path = Constants;
			sourceTree = "<group>";
		};
		5177A2DF279E9C920009D6FA /* DataSource */ = {
			isa = PBXGroup;
			children = (
				5177A2E0279E9CAB0009D6FA /* CharactersListDataSource.swift */,
			);
			path = DataSource;
			sourceTree = "<group>";
		};
		5177A2E2279E9EF20009D6FA /* Cells */ = {
			isa = PBXGroup;
			children = (
				5177A2E3279E9F170009D6FA /* CharactersListTableViewCell.swift */,
				5177A2E4279E9F170009D6FA /* CharactersListTableViewCell.xib */,
			);
			path = Cells;
			sourceTree = "<group>";
		};
		5177A2E8279EA66D0009D6FA /* Loader */ = {
			isa = PBXGroup;
			children = (
				5177A2E9279EA6890009D6FA /* LoaderViewController.swift */,
				5177A2EA279EA6890009D6FA /* LoaderViewController.xib */,
			);
			path = Loader;
			sourceTree = "<group>";
		};
		5177A2ED279EAEA20009D6FA /* Services */ = {
			isa = PBXGroup;
			children = (
				5177A2EE279EAEB20009D6FA /* CharactersManagementService.swift */,
			);
			path = Services;
			sourceTree = "<group>";
		};
		5177A2F2279EB1010009D6FA /* Enums */ = {
			isa = PBXGroup;
			children = (
				5177A2F3279EB13B0009D6FA /* APIErrorType.swift */,
			);
			path = Enums;
			sourceTree = "<group>";
		};
		5177A2FA279EBA470009D6FA /* DataManagers */ = {
			isa = PBXGroup;
			children = (
				5177A2FB279EBA550009D6FA /* NetworkAPIClient.swift */,
				516AA87827A04D82008ADEEE /* NetworkAPIClientMock.swift */,
				5177A2FD279EC2B80009D6FA /* NetworkManagerBuilder.swift */,
			);
			path = DataManagers;
			sourceTree = "<group>";
		};
		5177A306279F15970009D6FA /* CharacterDetail */ = {
			isa = PBXGroup;
			children = (
				5177A307279F15A90009D6FA /* ViewModels */,
				5177A310279F1A170009D6FA /* CharacterDetailRouter.swift */,
				5177A30A279F16650009D6FA /* CharacterDetailInterfaces.swift */,
				5177A30C279F17990009D6FA /* CharacterDetailInteractor.swift */,
				5177A30E279F18B10009D6FA /* CharacterDetailPresenter.swift */,
				5177A312279F1B750009D6FA /* CharacterDetailViewController.swift */,
				5177A313279F1B750009D6FA /* CharacterDetailViewController.xib */,
			);
			path = CharacterDetail;
			sourceTree = "<group>";
		};
		5177A307279F15A90009D6FA /* ViewModels */ = {
			isa = PBXGroup;
			children = (
				5177A308279F15C10009D6FA /* CharacterDetailViewModel.swift */,
			);
			path = ViewModels;
			sourceTree = "<group>";
		};
		517D3BA92799A9F90054E0B8 /* Application */ = {
			isa = PBXGroup;
			children = (
				51A07F4E27997B820015EAFB /* AppDelegate.swift */,
				51A07F5027997B820015EAFB /* SceneDelegate.swift */,
				517D3BAA2799AA1A0054E0B8 /* AppDefines.swift */,
			);
			path = Application;
			sourceTree = "<group>";
		};
		517D3BAC2799AB0D0054E0B8 /* Modules */ = {
			isa = PBXGroup;
			children = (
				51058963279ABA8B00B05895 /* Common */,
				51C1E7C8279AD37100A50FB7 /* CharactersList */,
				5177A306279F15970009D6FA /* CharacterDetail */,
			);
			path = Modules;
			sourceTree = "<group>";
		};
		517D3BAD2799ADB90054E0B8 /* Common */ = {
			isa = PBXGroup;
			children = (
				5177A2D6279E89520009D6FA /* Constants */,
				5177A2F2279EB1010009D6FA /* Enums */,
				517D3BC42799BF870054E0B8 /* Extensions */,
				517D3BB82799B8200054E0B8 /* Views */,
				517D3BAE2799ADC60054E0B8 /* VIPER */,
			);
			path = Common;
			sourceTree = "<group>";
		};
		517D3BAE2799ADC60054E0B8 /* VIPER */ = {
			isa = PBXGroup;
			children = (
				517D3BAF2799ADE00054E0B8 /* RouterInterface.swift */,
				517D3BB22799ADF70054E0B8 /* ViewInterface.swift */,
				517D3BB42799AE020054E0B8 /* PresenterInterface.swift */,
				517D3BB62799AE0F0054E0B8 /* InteractorInterface.swift */,
			);
			path = VIPER;
			sourceTree = "<group>";
		};
		517D3BB82799B8200054E0B8 /* Views */ = {
			isa = PBXGroup;
			children = (
				517D3BB92799B8300054E0B8 /* GeneralError */,
				5177A2E8279EA66D0009D6FA /* Loader */,
				5105896E279AC5D700B05895 /* NoInternetController */,
			);
			path = Views;
			sourceTree = "<group>";
		};
		517D3BB92799B8300054E0B8 /* GeneralError */ = {
			isa = PBXGroup;
			children = (
				517D3BBC2799B8790054E0B8 /* GeneralErrorView.swift */,
				517D3BBD2799B8790054E0B8 /* GeneralErrorView.xib */,
			);
			path = GeneralError;
			sourceTree = "<group>";
		};
		517D3BC02799BF080054E0B8 /* Utils */ = {
			isa = PBXGroup;
			children = (
				5177A2FA279EBA470009D6FA /* DataManagers */,
				517D3BC12799BF130054E0B8 /* Protocols */,
				5177A2ED279EAEA20009D6FA /* Services */,
			);
			path = Utils;
			sourceTree = "<group>";
		};
		517D3BC12799BF130054E0B8 /* Protocols */ = {
			isa = PBXGroup;
			children = (
				517D3BC22799BF2A0054E0B8 /* LocalizableProtocol.swift */,
				5177A2F0279EAF490009D6FA /* NetworkManagerProtocol.swift */,
				51C1E7D0279ADF4600A50FB7 /* NetworkParser.swift */,
			);
			path = Protocols;
			sourceTree = "<group>";
		};
		517D3BC42799BF870054E0B8 /* Extensions */ = {
			isa = PBXGroup;
			children = (
				5177A301279ECA6B0009D6FA /* String+Extension.swift */,
				517D3BC52799BF9C0054E0B8 /* String+Localizable.swift */,
				5105896A279AC43900B05895 /* UIColor+Extensions.swift */,
				51058968279ABD6C00B05895 /* UINavigationController+Extensions.swift */,
				5177A2DD279E92380009D6FA /* UINavigationItem+Extensions.swift */,
				5105896C279AC57600B05895 /* UIViewController+Extensions.swift */,
				513AED40279FEB6E001576D3 /* UIImageView+Extensions.swift */,
			);
			path = Extensions;
			sourceTree = "<group>";
		};
		51A07F4227997B820015EAFB = {
			isa = PBXGroup;
			children = (
				51A07F4D27997B820015EAFB /* OpenBankTechnicalProof */,
				51A07F6427997B860015EAFB /* OpenBankTechnicalProofTests */,
				51A07F6E27997B860015EAFB /* OpenBankTechnicalProofUITests */,
				51A07F4C27997B820015EAFB /* Products */,
				FEEC29CBE6E8345CF82F1E2D /* Pods */,
				265EE1C2EBB493A76ED3322D /* Frameworks */,
			);
			sourceTree = "<group>";
		};
		51A07F4C27997B820015EAFB /* Products */ = {
			isa = PBXGroup;
			children = (
				51A07F4B27997B820015EAFB /* OpenBankTechnicalProof.app */,
				51A07F6127997B860015EAFB /* OpenBankTechnicalProofTests.xctest */,
				51A07F6B27997B860015EAFB /* OpenBankTechnicalProofUITests.xctest */,
			);
			name = Products;
			sourceTree = "<group>";
		};
		51A07F4D27997B820015EAFB /* OpenBankTechnicalProof */ = {
			isa = PBXGroup;
			children = (
				517D3BA92799A9F90054E0B8 /* Application */,
				517D3BAD2799ADB90054E0B8 /* Common */,
				51C1E7CC279ADB5900A50FB7 /* Domains */,
				517D3BAC2799AB0D0054E0B8 /* Modules */,
				517D3BC02799BF080054E0B8 /* Utils */,
				51E5526527A003A100539E22 /* Resources */,
				51A07F5727997B850015EAFB /* Assets.xcassets */,
				51A07F5C27997B850015EAFB /* Info.plist */,
				51A07F5927997B850015EAFB /* LaunchScreen.storyboard */,
			);
			path = OpenBankTechnicalProof;
			sourceTree = "<group>";
		};
		51A07F6427997B860015EAFB /* OpenBankTechnicalProofTests */ = {
			isa = PBXGroup;
			children = (
				51A891AA27A2975C003CFE2E /* ManagementServiceTests */,
				516AA87227A04A8E008ADEEE /* InteractorTests */,
			);
			path = OpenBankTechnicalProofTests;
			sourceTree = "<group>";
		};
		51A07F6E27997B860015EAFB /* OpenBankTechnicalProofUITests */ = {
			isa = PBXGroup;
			children = (
				51A07F6F27997B860015EAFB /* OpenBankTechnicalProofUITests.swift */,
				51A07F7127997B860015EAFB /* OpenBankTechnicalProofUITestsLaunchTests.swift */,
			);
			path = OpenBankTechnicalProofUITests;
			sourceTree = "<group>";
		};
		51A891AA27A2975C003CFE2E /* ManagementServiceTests */ = {
			isa = PBXGroup;
			children = (
				51A891AB27A29778003CFE2E /* CharactersManagementServiceTest.swift */,
			);
			path = ManagementServiceTests;
			sourceTree = "<group>";
		};
		51C1E7C8279AD37100A50FB7 /* CharactersList */ = {
			isa = PBXGroup;
			children = (
				5177A2E2279E9EF20009D6FA /* Cells */,
				5177A2DF279E9C920009D6FA /* DataSource */,
				51C1E7C9279AD3E600A50FB7 /* ViewModels */,
				5177A2D4279E88DC0009D6FA /* CharactersListRouter.swift */,
				51C1E7D2279AEE0D00A50FB7 /* CharactersListInterfaces.swift */,
				51C1E7D4279AF0E700A50FB7 /* CharactersListInteractor.swift */,
				51C1E7D6279AF2B700A50FB7 /* CharactersListPresenter.swift */,
				5177A2D9279E8C830009D6FA /* CharactersListViewController.swift */,
				5177A2DA279E8C830009D6FA /* CharactersListViewController.xib */,
			);
			path = CharactersList;
			sourceTree = "<group>";
		};
		51C1E7C9279AD3E600A50FB7 /* ViewModels */ = {
			isa = PBXGroup;
			children = (
				51C1E7CA279AD40600A50FB7 /* CharactersListItemViewModel.swift */,
			);
			path = ViewModels;
			sourceTree = "<group>";
		};
		51C1E7CC279ADB5900A50FB7 /* Domains */ = {
			isa = PBXGroup;
			children = (
				51C1E7CD279ADB8C00A50FB7 /* MarvelCharacters */,
			);
			path = Domains;
			sourceTree = "<group>";
		};
		51C1E7CD279ADB8C00A50FB7 /* MarvelCharacters */ = {
			isa = PBXGroup;
			children = (
				51C1E7CE279ADBB700A50FB7 /* CharactersDomainModelResponse.swift */,
			);
			path = MarvelCharacters;
			sourceTree = "<group>";
		};
		51E5526527A003A100539E22 /* Resources */ = {
			isa = PBXGroup;
			children = (
				516AA87B27A04DE6008ADEEE /* JSON */,
				516AA87A27A04DDB008ADEEE /* Localized */,
			);
			path = Resources;
			sourceTree = "<group>";
		};
		FEEC29CBE6E8345CF82F1E2D /* Pods */ = {
			isa = PBXGroup;
			children = (
				FFADD3980A5806169D8073AD /* Pods-OpenBankTechnicalProof.debug.xcconfig */,
				3BFBF6B5FEC87B4F12A802F3 /* Pods-OpenBankTechnicalProof.release.xcconfig */,
				717E6FBF329B49F7264CA50D /* Pods-OpenBankTechnicalProof-OpenBankTechnicalProofUITests.debug.xcconfig */,
				393CAA421B4F945BBF268137 /* Pods-OpenBankTechnicalProof-OpenBankTechnicalProofUITests.release.xcconfig */,
				EBB045FECEBD6E3B5D68461B /* Pods-OpenBankTechnicalProofTests.debug.xcconfig */,
				F70F3D654A78E1ABDB516C8D /* Pods-OpenBankTechnicalProofTests.release.xcconfig */,
			);
			path = Pods;
			sourceTree = "<group>";
		};
/* End PBXGroup section */

/* Begin PBXNativeTarget section */
		51A07F4A27997B820015EAFB /* OpenBankTechnicalProof */ = {
			isa = PBXNativeTarget;
			buildConfigurationList = 51A07F7527997B860015EAFB /* Build configuration list for PBXNativeTarget "OpenBankTechnicalProof" */;
			buildPhases = (
				35CA1DBBEBAD0D9736AC2F67 /* [CP] Check Pods Manifest.lock */,
				51A07F4727997B820015EAFB /* Sources */,
				51A07F4827997B820015EAFB /* Frameworks */,
				51A07F4927997B820015EAFB /* Resources */,
				5126FCED2799818E002A768B /* SwifLint Script */,
				FD5F613D7DDD5FEB8C368AD3 /* [CP] Embed Pods Frameworks */,
			);
			buildRules = (
			);
			dependencies = (
			);
			name = OpenBankTechnicalProof;
			productName = OpenBankTechnicalProof;
			productReference = 51A07F4B27997B820015EAFB /* OpenBankTechnicalProof.app */;
			productType = "com.apple.product-type.application";
		};
		51A07F6027997B860015EAFB /* OpenBankTechnicalProofTests */ = {
			isa = PBXNativeTarget;
			buildConfigurationList = 51A07F7827997B860015EAFB /* Build configuration list for PBXNativeTarget "OpenBankTechnicalProofTests" */;
			buildPhases = (
				EE3F4EFFCA6AA9173DCDD859 /* [CP] Check Pods Manifest.lock */,
				51A07F5D27997B860015EAFB /* Sources */,
				51A07F5E27997B860015EAFB /* Frameworks */,
				51A07F5F27997B860015EAFB /* Resources */,
			);
			buildRules = (
			);
			dependencies = (
				51A07F6327997B860015EAFB /* PBXTargetDependency */,
			);
			name = OpenBankTechnicalProofTests;
			productName = OpenBankTechnicalProofTests;
			productReference = 51A07F6127997B860015EAFB /* OpenBankTechnicalProofTests.xctest */;
			productType = "com.apple.product-type.bundle.unit-test";
		};
		51A07F6A27997B860015EAFB /* OpenBankTechnicalProofUITests */ = {
			isa = PBXNativeTarget;
			buildConfigurationList = 51A07F7B27997B860015EAFB /* Build configuration list for PBXNativeTarget "OpenBankTechnicalProofUITests" */;
			buildPhases = (
				8E44D3A3E954D5EE9AE8BD14 /* [CP] Check Pods Manifest.lock */,
				51A07F6727997B860015EAFB /* Sources */,
				51A07F6827997B860015EAFB /* Frameworks */,
				51A07F6927997B860015EAFB /* Resources */,
				B1B6B056648E0C6E755D4DFE /* [CP] Embed Pods Frameworks */,
			);
			buildRules = (
			);
			dependencies = (
				51A07F6D27997B860015EAFB /* PBXTargetDependency */,
			);
			name = OpenBankTechnicalProofUITests;
			productName = OpenBankTechnicalProofUITests;
			productReference = 51A07F6B27997B860015EAFB /* OpenBankTechnicalProofUITests.xctest */;
			productType = "com.apple.product-type.bundle.ui-testing";
		};
/* End PBXNativeTarget section */

/* Begin PBXProject section */
		51A07F4327997B820015EAFB /* Project object */ = {
			isa = PBXProject;
			attributes = {
				BuildIndependentTargetsInParallel = 1;
				LastSwiftUpdateCheck = 1300;
				LastUpgradeCheck = 1300;
				TargetAttributes = {
					51A07F4A27997B820015EAFB = {
						CreatedOnToolsVersion = 13.0;
					};
					51A07F6027997B860015EAFB = {
						CreatedOnToolsVersion = 13.0;
						LastSwiftMigration = 1300;
						TestTargetID = 51A07F4A27997B820015EAFB;
					};
					51A07F6A27997B860015EAFB = {
						CreatedOnToolsVersion = 13.0;
						TestTargetID = 51A07F4A27997B820015EAFB;
					};
				};
			};
			buildConfigurationList = 51A07F4627997B820015EAFB /* Build configuration list for PBXProject "OpenBankTechnicalProof" */;
			compatibilityVersion = "Xcode 13.0";
			developmentRegion = en;
			hasScannedForEncodings = 0;
			knownRegions = (
				en,
				Base,
				es,
			);
			mainGroup = 51A07F4227997B820015EAFB;
			productRefGroup = 51A07F4C27997B820015EAFB /* Products */;
			projectDirPath = "";
			projectRoot = "";
			targets = (
				51A07F4A27997B820015EAFB /* OpenBankTechnicalProof */,
				51A07F6027997B860015EAFB /* OpenBankTechnicalProofTests */,
				51A07F6A27997B860015EAFB /* OpenBankTechnicalProofUITests */,
			);
		};
/* End PBXProject section */

/* Begin PBXResourcesBuildPhase section */
		51A07F4927997B820015EAFB /* Resources */ = {
			isa = PBXResourcesBuildPhase;
			buildActionMask = 2147483647;
			files = (
				51A891A927A29545003CFE2E /* CharacterDetail.json in Resources */,
				5177A2DC279E8C840009D6FA /* CharactersListViewController.xib in Resources */,
				51A07F5B27997B850015EAFB /* LaunchScreen.storyboard in Resources */,
				517D3BBF2799B8790054E0B8 /* GeneralErrorView.xib in Resources */,
				5177A315279F1B750009D6FA /* CharacterDetailViewController.xib in Resources */,
				51E5526827A0045500539E22 /* Localizable.strings in Resources */,
				5177A2E6279E9F170009D6FA /* CharactersListTableViewCell.xib in Resources */,
				51A07F5827997B850015EAFB /* Assets.xcassets in Resources */,
				516AA87D27A04E29008ADEEE /* CharactersList.json in Resources */,
				5177A2EC279EA6890009D6FA /* LoaderViewController.xib in Resources */,
				51C1E7C6279AD13600A50FB7 /* NoInternetController.xib in Resources */,
			);
			runOnlyForDeploymentPostprocessing = 0;
		};
		51A07F5F27997B860015EAFB /* Resources */ = {
			isa = PBXResourcesBuildPhase;
			buildActionMask = 2147483647;
			files = (
			);
			runOnlyForDeploymentPostprocessing = 0;
		};
		51A07F6927997B860015EAFB /* Resources */ = {
			isa = PBXResourcesBuildPhase;
			buildActionMask = 2147483647;
			files = (
			);
			runOnlyForDeploymentPostprocessing = 0;
		};
/* End PBXResourcesBuildPhase section */

/* Begin PBXShellScriptBuildPhase section */
		35CA1DBBEBAD0D9736AC2F67 /* [CP] Check Pods Manifest.lock */ = {
			isa = PBXShellScriptBuildPhase;
			buildActionMask = 2147483647;
			files = (
			);
			inputFileListPaths = (
			);
			inputPaths = (
				"${PODS_PODFILE_DIR_PATH}/Podfile.lock",
				"${PODS_ROOT}/Manifest.lock",
			);
			name = "[CP] Check Pods Manifest.lock";
			outputFileListPaths = (
			);
			outputPaths = (
				"$(DERIVED_FILE_DIR)/Pods-OpenBankTechnicalProof-checkManifestLockResult.txt",
			);
			runOnlyForDeploymentPostprocessing = 0;
			shellPath = /bin/sh;
			shellScript = "diff \"${PODS_PODFILE_DIR_PATH}/Podfile.lock\" \"${PODS_ROOT}/Manifest.lock\" > /dev/null\nif [ $? != 0 ] ; then\n    # print error to STDERR\n    echo \"error: The sandbox is not in sync with the Podfile.lock. Run 'pod install' or update your CocoaPods installation.\" >&2\n    exit 1\nfi\n# This output is used by Xcode 'outputs' to avoid re-running this script phase.\necho \"SUCCESS\" > \"${SCRIPT_OUTPUT_FILE_0}\"\n";
			showEnvVarsInLog = 0;
		};
		5126FCED2799818E002A768B /* SwifLint Script */ = {
			isa = PBXShellScriptBuildPhase;
			buildActionMask = 2147483647;
			files = (
			);
			inputFileListPaths = (
			);
			inputPaths = (
			);
			name = "SwifLint Script";
			outputFileListPaths = (
			);
			outputPaths = (
			);
			runOnlyForDeploymentPostprocessing = 0;
			shellPath = /bin/sh;
			shellScript = "if which swiftlint >/dev/null; then\n  swiftlint\nelse\n  echo \"warning: SwiftLint not installed, download from https://github.com/realm/SwiftLint\"\nfi\n";
		};
		8E44D3A3E954D5EE9AE8BD14 /* [CP] Check Pods Manifest.lock */ = {
			isa = PBXShellScriptBuildPhase;
			buildActionMask = 2147483647;
			files = (
			);
			inputFileListPaths = (
			);
			inputPaths = (
				"${PODS_PODFILE_DIR_PATH}/Podfile.lock",
				"${PODS_ROOT}/Manifest.lock",
			);
			name = "[CP] Check Pods Manifest.lock";
			outputFileListPaths = (
			);
			outputPaths = (
				"$(DERIVED_FILE_DIR)/Pods-OpenBankTechnicalProof-OpenBankTechnicalProofUITests-checkManifestLockResult.txt",
			);
			runOnlyForDeploymentPostprocessing = 0;
			shellPath = /bin/sh;
			shellScript = "diff \"${PODS_PODFILE_DIR_PATH}/Podfile.lock\" \"${PODS_ROOT}/Manifest.lock\" > /dev/null\nif [ $? != 0 ] ; then\n    # print error to STDERR\n    echo \"error: The sandbox is not in sync with the Podfile.lock. Run 'pod install' or update your CocoaPods installation.\" >&2\n    exit 1\nfi\n# This output is used by Xcode 'outputs' to avoid re-running this script phase.\necho \"SUCCESS\" > \"${SCRIPT_OUTPUT_FILE_0}\"\n";
			showEnvVarsInLog = 0;
		};
		B1B6B056648E0C6E755D4DFE /* [CP] Embed Pods Frameworks */ = {
			isa = PBXShellScriptBuildPhase;
			buildActionMask = 2147483647;
			files = (
			);
			inputFileListPaths = (
				"${PODS_ROOT}/Target Support Files/Pods-OpenBankTechnicalProof-OpenBankTechnicalProofUITests/Pods-OpenBankTechnicalProof-OpenBankTechnicalProofUITests-frameworks-${CONFIGURATION}-input-files.xcfilelist",
			);
			name = "[CP] Embed Pods Frameworks";
			outputFileListPaths = (
				"${PODS_ROOT}/Target Support Files/Pods-OpenBankTechnicalProof-OpenBankTechnicalProofUITests/Pods-OpenBankTechnicalProof-OpenBankTechnicalProofUITests-frameworks-${CONFIGURATION}-output-files.xcfilelist",
			);
			runOnlyForDeploymentPostprocessing = 0;
			shellPath = /bin/sh;
			shellScript = "\"${PODS_ROOT}/Target Support Files/Pods-OpenBankTechnicalProof-OpenBankTechnicalProofUITests/Pods-OpenBankTechnicalProof-OpenBankTechnicalProofUITests-frameworks.sh\"\n";
			showEnvVarsInLog = 0;
		};
		EE3F4EFFCA6AA9173DCDD859 /* [CP] Check Pods Manifest.lock */ = {
			isa = PBXShellScriptBuildPhase;
			buildActionMask = 2147483647;
			files = (
			);
			inputFileListPaths = (
			);
			inputPaths = (
				"${PODS_PODFILE_DIR_PATH}/Podfile.lock",
				"${PODS_ROOT}/Manifest.lock",
			);
			name = "[CP] Check Pods Manifest.lock";
			outputFileListPaths = (
			);
			outputPaths = (
				"$(DERIVED_FILE_DIR)/Pods-OpenBankTechnicalProofTests-checkManifestLockResult.txt",
			);
			runOnlyForDeploymentPostprocessing = 0;
			shellPath = /bin/sh;
			shellScript = "diff \"${PODS_PODFILE_DIR_PATH}/Podfile.lock\" \"${PODS_ROOT}/Manifest.lock\" > /dev/null\nif [ $? != 0 ] ; then\n    # print error to STDERR\n    echo \"error: The sandbox is not in sync with the Podfile.lock. Run 'pod install' or update your CocoaPods installation.\" >&2\n    exit 1\nfi\n# This output is used by Xcode 'outputs' to avoid re-running this script phase.\necho \"SUCCESS\" > \"${SCRIPT_OUTPUT_FILE_0}\"\n";
			showEnvVarsInLog = 0;
		};
		FD5F613D7DDD5FEB8C368AD3 /* [CP] Embed Pods Frameworks */ = {
			isa = PBXShellScriptBuildPhase;
			buildActionMask = 2147483647;
			files = (
			);
			inputFileListPaths = (
				"${PODS_ROOT}/Target Support Files/Pods-OpenBankTechnicalProof/Pods-OpenBankTechnicalProof-frameworks-${CONFIGURATION}-input-files.xcfilelist",
			);
			name = "[CP] Embed Pods Frameworks";
			outputFileListPaths = (
				"${PODS_ROOT}/Target Support Files/Pods-OpenBankTechnicalProof/Pods-OpenBankTechnicalProof-frameworks-${CONFIGURATION}-output-files.xcfilelist",
			);
			runOnlyForDeploymentPostprocessing = 0;
			shellPath = /bin/sh;
			shellScript = "\"${PODS_ROOT}/Target Support Files/Pods-OpenBankTechnicalProof/Pods-OpenBankTechnicalProof-frameworks.sh\"\n";
			showEnvVarsInLog = 0;
		};
/* End PBXShellScriptBuildPhase section */

/* Begin PBXSourcesBuildPhase section */
		51A07F4727997B820015EAFB /* Sources */ = {
			isa = PBXSourcesBuildPhase;
			buildActionMask = 2147483647;
			files = (
				5177A2DE279E92380009D6FA /* UINavigationItem+Extensions.swift in Sources */,
				5177A2EB279EA6890009D6FA /* LoaderViewController.swift in Sources */,
				514D543527A016C6001085E5 /* FontsConstants.swift in Sources */,
				5177A2E5279E9F170009D6FA /* CharactersListTableViewCell.swift in Sources */,
				51C1E7D7279AF2B700A50FB7 /* CharactersListPresenter.swift in Sources */,
				5177A2FC279EBA550009D6FA /* NetworkAPIClient.swift in Sources */,
				517D3BB72799AE0F0054E0B8 /* InteractorInterface.swift in Sources */,
				5105896B279AC43900B05895 /* UIColor+Extensions.swift in Sources */,
				5177A2E1279E9CAB0009D6FA /* CharactersListDataSource.swift in Sources */,
				516F9F1927A013A800EEE039 /* ColorsConstants.swift in Sources */,
				5177A302279ECA6B0009D6FA /* String+Extension.swift in Sources */,
				51058969279ABD6C00B05895 /* UINavigationController+Extensions.swift in Sources */,
				51C1E7D5279AF0E700A50FB7 /* CharactersListInteractor.swift in Sources */,
				517D3BC32799BF2A0054E0B8 /* LocalizableProtocol.swift in Sources */,
				51C1E7D1279ADF4600A50FB7 /* NetworkParser.swift in Sources */,
				51058965279ABAAF00B05895 /* BaseViewController.swift in Sources */,
				51A07F4F27997B820015EAFB /* AppDelegate.swift in Sources */,
				5177A311279F1A170009D6FA /* CharacterDetailRouter.swift in Sources */,
				51C1E7CF279ADBB700A50FB7 /* CharactersDomainModelResponse.swift in Sources */,
				5177A2DB279E8C840009D6FA /* CharactersListViewController.swift in Sources */,
				517D3BC62799BF9C0054E0B8 /* String+Localizable.swift in Sources */,
				5177A2D5279E88DC0009D6FA /* CharactersListRouter.swift in Sources */,
				5177A314279F1B750009D6FA /* CharacterDetailViewController.swift in Sources */,
				51058967279ABAB500B05895 /* BaseViewControllerInterface.swift in Sources */,
				5177A30F279F18B10009D6FA /* CharacterDetailPresenter.swift in Sources */,
				5177A2F1279EAF4A0009D6FA /* NetworkManagerProtocol.swift in Sources */,
				5177A2F4279EB13B0009D6FA /* APIErrorType.swift in Sources */,
				517D3BAB2799AA1A0054E0B8 /* AppDefines.swift in Sources */,
				51A07F5127997B820015EAFB /* SceneDelegate.swift in Sources */,
				51C1E7CB279AD40600A50FB7 /* CharactersListItemViewModel.swift in Sources */,
				517D3BBE2799B8790054E0B8 /* GeneralErrorView.swift in Sources */,
				5177A2D8279E896E0009D6FA /* CharactersListConstants.swift in Sources */,
				5177A30D279F17990009D6FA /* CharacterDetailInteractor.swift in Sources */,
				5105896D279AC57600B05895 /* UIViewController+Extensions.swift in Sources */,
				517D3BB32799ADF70054E0B8 /* ViewInterface.swift in Sources */,
				5177A30B279F16650009D6FA /* CharacterDetailInterfaces.swift in Sources */,
				51C1E7C7279AD13600A50FB7 /* NoInternetController.swift in Sources */,
				5177A2EF279EAEB20009D6FA /* CharactersManagementService.swift in Sources */,
				513AED41279FEB6E001576D3 /* UIImageView+Extensions.swift in Sources */,
				517D3BB02799ADE00054E0B8 /* RouterInterface.swift in Sources */,
				51C1E7D3279AEE0D00A50FB7 /* CharactersListInterfaces.swift in Sources */,
				5177A309279F15C10009D6FA /* CharacterDetailViewModel.swift in Sources */,
				5177A2FE279EC2B80009D6FA /* NetworkManagerBuilder.swift in Sources */,
				517D3BB52799AE030054E0B8 /* PresenterInterface.swift in Sources */,
				516AA87927A04D82008ADEEE /* NetworkAPIClientMock.swift in Sources */,
			);
			runOnlyForDeploymentPostprocessing = 0;
		};
		51A07F5D27997B860015EAFB /* Sources */ = {
			isa = PBXSourcesBuildPhase;
			buildActionMask = 2147483647;
			files = (
				516AA87727A04CF3008ADEEE /* CharactersListInteractorTest.swift in Sources */,
				516AA87527A04B81008ADEEE /* FakeCharactersListInteractorOutput.swift in Sources */,
				51A891A527A2946C003CFE2E /* CharacterDetailInteractorTest.swift in Sources */,
				51A891AC27A29778003CFE2E /* CharactersManagementServiceTest.swift in Sources */,
				51A891A727A2947C003CFE2E /* FakeCharacterDetailInteractorOutput.swift in Sources */,
			);
			runOnlyForDeploymentPostprocessing = 0;
		};
		51A07F6727997B860015EAFB /* Sources */ = {
			isa = PBXSourcesBuildPhase;
			buildActionMask = 2147483647;
			files = (
				51A07F7027997B860015EAFB /* OpenBankTechnicalProofUITests.swift in Sources */,
				51A07F7227997B860015EAFB /* OpenBankTechnicalProofUITestsLaunchTests.swift in Sources */,
			);
			runOnlyForDeploymentPostprocessing = 0;
		};
/* End PBXSourcesBuildPhase section */

/* Begin PBXTargetDependency section */
		51A07F6327997B860015EAFB /* PBXTargetDependency */ = {
			isa = PBXTargetDependency;
			target = 51A07F4A27997B820015EAFB /* OpenBankTechnicalProof */;
			targetProxy = 51A07F6227997B860015EAFB /* PBXContainerItemProxy */;
		};
		51A07F6D27997B860015EAFB /* PBXTargetDependency */ = {
			isa = PBXTargetDependency;
			target = 51A07F4A27997B820015EAFB /* OpenBankTechnicalProof */;
			targetProxy = 51A07F6C27997B860015EAFB /* PBXContainerItemProxy */;
		};
/* End PBXTargetDependency section */

/* Begin PBXVariantGroup section */
		51A07F5927997B850015EAFB /* LaunchScreen.storyboard */ = {
			isa = PBXVariantGroup;
			children = (
				51A07F5A27997B850015EAFB /* Base */,
			);
			name = LaunchScreen.storyboard;
			sourceTree = "<group>";
		};
		51E5526A27A0045500539E22 /* Localizable.strings */ = {
			isa = PBXVariantGroup;
			children = (
				51E5526927A0045500539E22 /* en */,
				51E5526B27A0046400539E22 /* es */,
			);
			name = Localizable.strings;
			sourceTree = "<group>";
		};
/* End PBXVariantGroup section */

/* Begin XCBuildConfiguration section */
		51A07F7327997B860015EAFB /* Debug */ = {
			isa = XCBuildConfiguration;
			buildSettings = {
				ALWAYS_SEARCH_USER_PATHS = NO;
				CLANG_ANALYZER_LOCALIZABILITY_NONLOCALIZED = YES;
				CLANG_ANALYZER_NONNULL = YES;
				CLANG_ANALYZER_NUMBER_OBJECT_CONVERSION = YES_AGGRESSIVE;
				CLANG_CXX_LANGUAGE_STANDARD = "gnu++17";
				CLANG_CXX_LIBRARY = "libc++";
				CLANG_ENABLE_MODULES = YES;
				CLANG_ENABLE_OBJC_ARC = YES;
				CLANG_ENABLE_OBJC_WEAK = YES;
				CLANG_WARN_BLOCK_CAPTURE_AUTORELEASING = YES;
				CLANG_WARN_BOOL_CONVERSION = YES;
				CLANG_WARN_COMMA = YES;
				CLANG_WARN_CONSTANT_CONVERSION = YES;
				CLANG_WARN_DEPRECATED_OBJC_IMPLEMENTATIONS = YES;
				CLANG_WARN_DIRECT_OBJC_ISA_USAGE = YES_ERROR;
				CLANG_WARN_DOCUMENTATION_COMMENTS = YES;
				CLANG_WARN_EMPTY_BODY = YES;
				CLANG_WARN_ENUM_CONVERSION = YES;
				CLANG_WARN_INFINITE_RECURSION = YES;
				CLANG_WARN_INT_CONVERSION = YES;
				CLANG_WARN_NON_LITERAL_NULL_CONVERSION = YES;
				CLANG_WARN_OBJC_IMPLICIT_RETAIN_SELF = YES;
				CLANG_WARN_OBJC_LITERAL_CONVERSION = YES;
				CLANG_WARN_OBJC_ROOT_CLASS = YES_ERROR;
				CLANG_WARN_QUOTED_INCLUDE_IN_FRAMEWORK_HEADER = YES;
				CLANG_WARN_RANGE_LOOP_ANALYSIS = YES;
				CLANG_WARN_STRICT_PROTOTYPES = YES;
				CLANG_WARN_SUSPICIOUS_MOVE = YES;
				CLANG_WARN_UNGUARDED_AVAILABILITY = YES_AGGRESSIVE;
				CLANG_WARN_UNREACHABLE_CODE = YES;
				CLANG_WARN__DUPLICATE_METHOD_MATCH = YES;
				COPY_PHASE_STRIP = NO;
				DEBUG_INFORMATION_FORMAT = dwarf;
				ENABLE_STRICT_OBJC_MSGSEND = YES;
				ENABLE_TESTABILITY = YES;
				GCC_C_LANGUAGE_STANDARD = gnu11;
				GCC_DYNAMIC_NO_PIC = NO;
				GCC_NO_COMMON_BLOCKS = YES;
				GCC_OPTIMIZATION_LEVEL = 0;
				GCC_PREPROCESSOR_DEFINITIONS = (
					"DEBUG=1",
					"$(inherited)",
				);
				GCC_WARN_64_TO_32_BIT_CONVERSION = YES;
				GCC_WARN_ABOUT_RETURN_TYPE = YES_ERROR;
				GCC_WARN_UNDECLARED_SELECTOR = YES;
				GCC_WARN_UNINITIALIZED_AUTOS = YES_AGGRESSIVE;
				GCC_WARN_UNUSED_FUNCTION = YES;
				GCC_WARN_UNUSED_VARIABLE = YES;
				IPHONEOS_DEPLOYMENT_TARGET = 15.0;
				MTL_ENABLE_DEBUG_INFO = INCLUDE_SOURCE;
				MTL_FAST_MATH = YES;
				ONLY_ACTIVE_ARCH = YES;
				SDKROOT = iphoneos;
				SWIFT_ACTIVE_COMPILATION_CONDITIONS = DEBUG;
				SWIFT_OPTIMIZATION_LEVEL = "-Onone";
			};
			name = Debug;
		};
		51A07F7427997B860015EAFB /* Release */ = {
			isa = XCBuildConfiguration;
			buildSettings = {
				ALWAYS_SEARCH_USER_PATHS = NO;
				CLANG_ANALYZER_LOCALIZABILITY_NONLOCALIZED = YES;
				CLANG_ANALYZER_NONNULL = YES;
				CLANG_ANALYZER_NUMBER_OBJECT_CONVERSION = YES_AGGRESSIVE;
				CLANG_CXX_LANGUAGE_STANDARD = "gnu++17";
				CLANG_CXX_LIBRARY = "libc++";
				CLANG_ENABLE_MODULES = YES;
				CLANG_ENABLE_OBJC_ARC = YES;
				CLANG_ENABLE_OBJC_WEAK = YES;
				CLANG_WARN_BLOCK_CAPTURE_AUTORELEASING = YES;
				CLANG_WARN_BOOL_CONVERSION = YES;
				CLANG_WARN_COMMA = YES;
				CLANG_WARN_CONSTANT_CONVERSION = YES;
				CLANG_WARN_DEPRECATED_OBJC_IMPLEMENTATIONS = YES;
				CLANG_WARN_DIRECT_OBJC_ISA_USAGE = YES_ERROR;
				CLANG_WARN_DOCUMENTATION_COMMENTS = YES;
				CLANG_WARN_EMPTY_BODY = YES;
				CLANG_WARN_ENUM_CONVERSION = YES;
				CLANG_WARN_INFINITE_RECURSION = YES;
				CLANG_WARN_INT_CONVERSION = YES;
				CLANG_WARN_NON_LITERAL_NULL_CONVERSION = YES;
				CLANG_WARN_OBJC_IMPLICIT_RETAIN_SELF = YES;
				CLANG_WARN_OBJC_LITERAL_CONVERSION = YES;
				CLANG_WARN_OBJC_ROOT_CLASS = YES_ERROR;
				CLANG_WARN_QUOTED_INCLUDE_IN_FRAMEWORK_HEADER = YES;
				CLANG_WARN_RANGE_LOOP_ANALYSIS = YES;
				CLANG_WARN_STRICT_PROTOTYPES = YES;
				CLANG_WARN_SUSPICIOUS_MOVE = YES;
				CLANG_WARN_UNGUARDED_AVAILABILITY = YES_AGGRESSIVE;
				CLANG_WARN_UNREACHABLE_CODE = YES;
				CLANG_WARN__DUPLICATE_METHOD_MATCH = YES;
				COPY_PHASE_STRIP = NO;
				DEBUG_INFORMATION_FORMAT = "dwarf-with-dsym";
				ENABLE_NS_ASSERTIONS = NO;
				ENABLE_STRICT_OBJC_MSGSEND = YES;
				GCC_C_LANGUAGE_STANDARD = gnu11;
				GCC_NO_COMMON_BLOCKS = YES;
				GCC_WARN_64_TO_32_BIT_CONVERSION = YES;
				GCC_WARN_ABOUT_RETURN_TYPE = YES_ERROR;
				GCC_WARN_UNDECLARED_SELECTOR = YES;
				GCC_WARN_UNINITIALIZED_AUTOS = YES_AGGRESSIVE;
				GCC_WARN_UNUSED_FUNCTION = YES;
				GCC_WARN_UNUSED_VARIABLE = YES;
				IPHONEOS_DEPLOYMENT_TARGET = 15.0;
				MTL_ENABLE_DEBUG_INFO = NO;
				MTL_FAST_MATH = YES;
				SDKROOT = iphoneos;
				SWIFT_COMPILATION_MODE = wholemodule;
				SWIFT_OPTIMIZATION_LEVEL = "-O";
				VALIDATE_PRODUCT = YES;
			};
			name = Release;
		};
		51A07F7627997B860015EAFB /* Debug */ = {
			isa = XCBuildConfiguration;
			baseConfigurationReference = FFADD3980A5806169D8073AD /* Pods-OpenBankTechnicalProof.debug.xcconfig */;
			buildSettings = {
				ASSETCATALOG_COMPILER_APPICON_NAME = AppIcon;
				ASSETCATALOG_COMPILER_GLOBAL_ACCENT_COLOR_NAME = AccentColor;
				CODE_SIGN_STYLE = Automatic;
				CURRENT_PROJECT_VERSION = 1;
				GENERATE_INFOPLIST_FILE = YES;
				INFOPLIST_FILE = OpenBankTechnicalProof/Info.plist;
				INFOPLIST_KEY_UIApplicationSupportsIndirectInputEvents = YES;
				INFOPLIST_KEY_UILaunchStoryboardName = LaunchScreen;
				INFOPLIST_KEY_UISupportedInterfaceOrientations_iPad = "UIInterfaceOrientationPortrait UIInterfaceOrientationPortraitUpsideDown UIInterfaceOrientationLandscapeLeft UIInterfaceOrientationLandscapeRight";
				INFOPLIST_KEY_UISupportedInterfaceOrientations_iPhone = "UIInterfaceOrientationPortrait UIInterfaceOrientationLandscapeLeft UIInterfaceOrientationLandscapeRight";
				IPHONEOS_DEPLOYMENT_TARGET = 13.0;
				LD_RUNPATH_SEARCH_PATHS = (
					"$(inherited)",
					"@executable_path/Frameworks",
				);
				MARKETING_VERSION = 1.0;
				PRODUCT_BUNDLE_IDENTIFIER = yeyocp.OpenBankTechnicalProof;
				PRODUCT_NAME = "$(TARGET_NAME)";
				SWIFT_EMIT_LOC_STRINGS = YES;
				SWIFT_VERSION = 5.0;
				TARGETED_DEVICE_FAMILY = "1,2";
			};
			name = Debug;
		};
		51A07F7727997B860015EAFB /* Release */ = {
			isa = XCBuildConfiguration;
			baseConfigurationReference = 3BFBF6B5FEC87B4F12A802F3 /* Pods-OpenBankTechnicalProof.release.xcconfig */;
			buildSettings = {
				ASSETCATALOG_COMPILER_APPICON_NAME = AppIcon;
				ASSETCATALOG_COMPILER_GLOBAL_ACCENT_COLOR_NAME = AccentColor;
				CODE_SIGN_STYLE = Automatic;
				CURRENT_PROJECT_VERSION = 1;
				GENERATE_INFOPLIST_FILE = YES;
				INFOPLIST_FILE = OpenBankTechnicalProof/Info.plist;
				INFOPLIST_KEY_UIApplicationSupportsIndirectInputEvents = YES;
				INFOPLIST_KEY_UILaunchStoryboardName = LaunchScreen;
				INFOPLIST_KEY_UISupportedInterfaceOrientations_iPad = "UIInterfaceOrientationPortrait UIInterfaceOrientationPortraitUpsideDown UIInterfaceOrientationLandscapeLeft UIInterfaceOrientationLandscapeRight";
				INFOPLIST_KEY_UISupportedInterfaceOrientations_iPhone = "UIInterfaceOrientationPortrait UIInterfaceOrientationLandscapeLeft UIInterfaceOrientationLandscapeRight";
				IPHONEOS_DEPLOYMENT_TARGET = 13.0;
				LD_RUNPATH_SEARCH_PATHS = (
					"$(inherited)",
					"@executable_path/Frameworks",
				);
				MARKETING_VERSION = 1.0;
				PRODUCT_BUNDLE_IDENTIFIER = yeyocp.OpenBankTechnicalProof;
				PRODUCT_NAME = "$(TARGET_NAME)";
				SWIFT_EMIT_LOC_STRINGS = YES;
				SWIFT_VERSION = 5.0;
				TARGETED_DEVICE_FAMILY = "1,2";
			};
			name = Release;
		};
		51A07F7927997B860015EAFB /* Debug */ = {
			isa = XCBuildConfiguration;
			baseConfigurationReference = EBB045FECEBD6E3B5D68461B /* Pods-OpenBankTechnicalProofTests.debug.xcconfig */;
			buildSettings = {
				ALWAYS_EMBED_SWIFT_STANDARD_LIBRARIES = YES;
				BUNDLE_LOADER = "$(TEST_HOST)";
				CLANG_ENABLE_MODULES = YES;
				CODE_SIGN_STYLE = Automatic;
				CURRENT_PROJECT_VERSION = 1;
				GENERATE_INFOPLIST_FILE = YES;
				IPHONEOS_DEPLOYMENT_TARGET = 15.0;
				LD_RUNPATH_SEARCH_PATHS = (
					"$(inherited)",
					"@executable_path/Frameworks",
					"@loader_path/Frameworks",
				);
				MARKETING_VERSION = 1.0;
				PRODUCT_BUNDLE_IDENTIFIER = yeyocp.OpenBankTechnicalProofTests;
				PRODUCT_NAME = "$(TARGET_NAME)";
				SWIFT_EMIT_LOC_STRINGS = NO;
				SWIFT_OPTIMIZATION_LEVEL = "-Onone";
				SWIFT_VERSION = 5.0;
				TARGETED_DEVICE_FAMILY = "1,2";
				TEST_HOST = "$(BUILT_PRODUCTS_DIR)/OpenBankTechnicalProof.app/OpenBankTechnicalProof";
			};
			name = Debug;
		};
		51A07F7A27997B860015EAFB /* Release */ = {
			isa = XCBuildConfiguration;
			baseConfigurationReference = F70F3D654A78E1ABDB516C8D /* Pods-OpenBankTechnicalProofTests.release.xcconfig */;
			buildSettings = {
				ALWAYS_EMBED_SWIFT_STANDARD_LIBRARIES = YES;
				BUNDLE_LOADER = "$(TEST_HOST)";
				CLANG_ENABLE_MODULES = YES;
				CODE_SIGN_STYLE = Automatic;
				CURRENT_PROJECT_VERSION = 1;
				GENERATE_INFOPLIST_FILE = YES;
				IPHONEOS_DEPLOYMENT_TARGET = 15.0;
				LD_RUNPATH_SEARCH_PATHS = (
					"$(inherited)",
					"@executable_path/Frameworks",
					"@loader_path/Frameworks",
				);
				MARKETING_VERSION = 1.0;
				PRODUCT_BUNDLE_IDENTIFIER = yeyocp.OpenBankTechnicalProofTests;
				PRODUCT_NAME = "$(TARGET_NAME)";
				SWIFT_EMIT_LOC_STRINGS = NO;
				SWIFT_VERSION = 5.0;
				TARGETED_DEVICE_FAMILY = "1,2";
				TEST_HOST = "$(BUILT_PRODUCTS_DIR)/OpenBankTechnicalProof.app/OpenBankTechnicalProof";
			};
			name = Release;
		};
		51A07F7C27997B860015EAFB /* Debug */ = {
			isa = XCBuildConfiguration;
			baseConfigurationReference = 717E6FBF329B49F7264CA50D /* Pods-OpenBankTechnicalProof-OpenBankTechnicalProofUITests.debug.xcconfig */;
			buildSettings = {
				ALWAYS_EMBED_SWIFT_STANDARD_LIBRARIES = YES;
				CODE_SIGN_STYLE = Automatic;
				CURRENT_PROJECT_VERSION = 1;
				GENERATE_INFOPLIST_FILE = YES;
				LD_RUNPATH_SEARCH_PATHS = (
					"$(inherited)",
					"@executable_path/Frameworks",
					"@loader_path/Frameworks",
				);
				MARKETING_VERSION = 1.0;
				PRODUCT_BUNDLE_IDENTIFIER = yeyocp.OpenBankTechnicalProofUITests;
				PRODUCT_NAME = "$(TARGET_NAME)";
				SWIFT_EMIT_LOC_STRINGS = NO;
				SWIFT_VERSION = 5.0;
				TARGETED_DEVICE_FAMILY = "1,2";
				TEST_TARGET_NAME = OpenBankTechnicalProof;
			};
			name = Debug;
		};
		51A07F7D27997B860015EAFB /* Release */ = {
			isa = XCBuildConfiguration;
			baseConfigurationReference = 393CAA421B4F945BBF268137 /* Pods-OpenBankTechnicalProof-OpenBankTechnicalProofUITests.release.xcconfig */;
			buildSettings = {
				ALWAYS_EMBED_SWIFT_STANDARD_LIBRARIES = YES;
				CODE_SIGN_STYLE = Automatic;
				CURRENT_PROJECT_VERSION = 1;
				GENERATE_INFOPLIST_FILE = YES;
				LD_RUNPATH_SEARCH_PATHS = (
					"$(inherited)",
					"@executable_path/Frameworks",
					"@loader_path/Frameworks",
				);
				MARKETING_VERSION = 1.0;
				PRODUCT_BUNDLE_IDENTIFIER = yeyocp.OpenBankTechnicalProofUITests;
				PRODUCT_NAME = "$(TARGET_NAME)";
				SWIFT_EMIT_LOC_STRINGS = NO;
				SWIFT_VERSION = 5.0;
				TARGETED_DEVICE_FAMILY = "1,2";
				TEST_TARGET_NAME = OpenBankTechnicalProof;
			};
			name = Release;
		};
/* End XCBuildConfiguration section */

/* Begin XCConfigurationList section */
		51A07F4627997B820015EAFB /* Build configuration list for PBXProject "OpenBankTechnicalProof" */ = {
			isa = XCConfigurationList;
			buildConfigurations = (
				51A07F7327997B860015EAFB /* Debug */,
				51A07F7427997B860015EAFB /* Release */,
			);
			defaultConfigurationIsVisible = 0;
			defaultConfigurationName = Release;
		};
		51A07F7527997B860015EAFB /* Build configuration list for PBXNativeTarget "OpenBankTechnicalProof" */ = {
			isa = XCConfigurationList;
			buildConfigurations = (
				51A07F7627997B860015EAFB /* Debug */,
				51A07F7727997B860015EAFB /* Release */,
			);
			defaultConfigurationIsVisible = 0;
			defaultConfigurationName = Release;
		};
		51A07F7827997B860015EAFB /* Build configuration list for PBXNativeTarget "OpenBankTechnicalProofTests" */ = {
			isa = XCConfigurationList;
			buildConfigurations = (
				51A07F7927997B860015EAFB /* Debug */,
				51A07F7A27997B860015EAFB /* Release */,
			);
			defaultConfigurationIsVisible = 0;
			defaultConfigurationName = Release;
		};
		51A07F7B27997B860015EAFB /* Build configuration list for PBXNativeTarget "OpenBankTechnicalProofUITests" */ = {
			isa = XCConfigurationList;
			buildConfigurations = (
				51A07F7C27997B860015EAFB /* Debug */,
				51A07F7D27997B860015EAFB /* Release */,
			);
			defaultConfigurationIsVisible = 0;
			defaultConfigurationName = Release;
		};
/* End XCConfigurationList section */
	};
	rootObject = 51A07F4327997B820015EAFB /* Project object */;
}
